
Microsoft Visual Studio Solution File, Format Version 12.00
# Visual Studio Version 16
VisualStudioVersion = 16.0.28809.33
MinimumVisualStudioVersion = 10.0.40219.1
Project("{FAE04EC0-301F-11D3-BF4B-00C04F79EFBC}") = "IReckonUpload", "IReckonUpload\IReckonUpload.csproj", "{62C8DB64-0E59-4520-825E-E9A5B9734CD6}"
EndProject
Project("{FAE04EC0-301F-11D3-BF4B-00C04F79EFBC}") = "IReckonUpload.Tests", "IReckonUpload.Tests\IReckonUpload.Tests.csproj", "{376BBC22-534D-4053-A230-745C629915C3}"
EndProject
Project("{FAE04EC0-301F-11D3-BF4B-00C04F79EFBC}") = "IReckonUpload.Models", "IReckonUpload.Models\IReckonUpload.Models.csproj", "{70E0FE83-D933-4407-AD9E-955E14C5E9C5}"
EndProject
Global
	GlobalSection(SolutionConfigurationPlatforms) = preSolution
		Debug|Any CPU = Debug|Any CPU
		Release|Any CPU = Release|Any CPU
	EndGlobalSection
	GlobalSection(ProjectConfigurationPlatforms) = postSolution
		{62C8DB64-0E59-4520-825E-E9A5B9734CD6}.Debug|Any CPU.ActiveCfg = Debug|Any CPU
		{62C8DB64-0E59-4520-825E-E9A5B9734CD6}.Debug|Any CPU.Build.0 = Debug|Any CPU
		{62C8DB64-0E59-4520-825E-E9A5B9734CD6}.Release|Any CPU.ActiveCfg = Release|Any CPU
		{62C8DB64-0E59-4520-825E-E9A5B9734CD6}.Release|Any CPU.Build.0 = Release|Any CPU
		{376BBC22-534D-4053-A230-745C629915C3}.Debug|Any CPU.ActiveCfg = Debug|Any CPU
		{376BBC22-534D-4053-A230-745C629915C3}.Debug|Any CPU.Build.0 = Debug|Any CPU
		{376BBC22-534D-4053-A230-745C629915C3}.Release|Any CPU.ActiveCfg = Release|Any CPU
		{376BBC22-534D-4053-A230-745C629915C3}.Release|Any CPU.Build.0 = Release|Any CPU
		{70E0FE83-D933-4407-AD9E-955E14C5E9C5}.Debug|Any CPU.ActiveCfg = Debug|Any CPU
		{70E0FE83-D933-4407-AD9E-955E14C5E9C5}.Debug|Any CPU.Build.0 = Debug|Any CPU
		{70E0FE83-D933-4407-AD9E-955E14C5E9C5}.Release|Any CPU.ActiveCfg = Release|Any CPU
		{70E0FE83-D933-4407-AD9E-955E14C5E9C5}.Release|Any CPU.Build.0 = Release|Any CPU
	EndGlobalSection
	GlobalSection(SolutionProperties) = preSolution
		HideSolutionNode = FALSE
	EndGlobalSection
	GlobalSection(ExtensibilityGlobals) = postSolution
		SolutionGuid = {86AC0CC3-C379-4183-B19C-70F903468BE3}
	EndGlobalSection
EndGlobal
